// !$*UTF8*$!
{
	archiveVersion = 1;
	classes = {
	};
	objectVersion = 50;
	objects = {

/* Begin PBXBuildFile section */
		DA33977F26F59773002D0758 /* Webservice.swift in Sources */ = {isa = PBXBuildFile; fileRef = DA33977E26F59773002D0758 /* Webservice.swift */; };
		DA9C0B96270A8D9F0005FB36 /* Order.swift in Sources */ = {isa = PBXBuildFile; fileRef = DA9C0B95270A8D9F0005FB36 /* Order.swift */; };
		DAF33B6026C8859100EFB41E /* AppDelegate.swift in Sources */ = {isa = PBXBuildFile; fileRef = DAF33B5F26C8859100EFB41E /* AppDelegate.swift */; };
		DAF33B6226C8859100EFB41E /* SceneDelegate.swift in Sources */ = {isa = PBXBuildFile; fileRef = DAF33B6126C8859100EFB41E /* SceneDelegate.swift */; };
		DAF33B6726C8859100EFB41E /* Main.storyboard in Resources */ = {isa = PBXBuildFile; fileRef = DAF33B6526C8859100EFB41E /* Main.storyboard */; };
		DAF33B6926C8859200EFB41E /* Assets.xcassets in Resources */ = {isa = PBXBuildFile; fileRef = DAF33B6826C8859200EFB41E /* Assets.xcassets */; };
		DAF33B6C26C8859200EFB41E /* LaunchScreen.storyboard in Resources */ = {isa = PBXBuildFile; fileRef = DAF33B6A26C8859200EFB41E /* LaunchScreen.storyboard */; };
		DAF33B7826C894DC00EFB41E /* OrdersTableViewController.swift in Sources */ = {isa = PBXBuildFile; fileRef = DAF33B7726C894DC00EFB41E /* OrdersTableViewController.swift */; };
		DAF33B7B26C8952600EFB41E /* AddOrderViewController.swift in Sources */ = {isa = PBXBuildFile; fileRef = DAF33B7A26C8952600EFB41E /* AddOrderViewController.swift */; };
/* End PBXBuildFile section */

/* Begin PBXFileReference section */
		DA33977E26F59773002D0758 /* Webservice.swift */ = {isa = PBXFileReference; lastKnownFileType = sourcecode.swift; path = Webservice.swift; sourceTree = "<group>"; };
		DA9C0B95270A8D9F0005FB36 /* Order.swift */ = {isa = PBXFileReference; lastKnownFileType = sourcecode.swift; path = Order.swift; sourceTree = "<group>"; };
		DAF33B5C26C8859100EFB41E /* CoffeeOrdering.app */ = {isa = PBXFileReference; explicitFileType = wrapper.application; includeInIndex = 0; path = CoffeeOrdering.app; sourceTree = BUILT_PRODUCTS_DIR; };
		DAF33B5F26C8859100EFB41E /* AppDelegate.swift */ = {isa = PBXFileReference; lastKnownFileType = sourcecode.swift; path = AppDelegate.swift; sourceTree = "<group>"; };
		DAF33B6126C8859100EFB41E /* SceneDelegate.swift */ = {isa = PBXFileReference; lastKnownFileType = sourcecode.swift; path = SceneDelegate.swift; sourceTree = "<group>"; };
		DAF33B6626C8859100EFB41E /* Base */ = {isa = PBXFileReference; lastKnownFileType = file.storyboard; name = Base; path = Base.lproj/Main.storyboard; sourceTree = "<group>"; };
		DAF33B6826C8859200EFB41E /* Assets.xcassets */ = {isa = PBXFileReference; lastKnownFileType = folder.assetcatalog; path = Assets.xcassets; sourceTree = "<group>"; };
		DAF33B6B26C8859200EFB41E /* Base */ = {isa = PBXFileReference; lastKnownFileType = file.storyboard; name = Base; path = Base.lproj/LaunchScreen.storyboard; sourceTree = "<group>"; };
		DAF33B6D26C8859200EFB41E /* Info.plist */ = {isa = PBXFileReference; lastKnownFileType = text.plist.xml; path = Info.plist; sourceTree = "<group>"; };
		DAF33B7726C894DC00EFB41E /* OrdersTableViewController.swift */ = {isa = PBXFileReference; lastKnownFileType = sourcecode.swift; path = OrdersTableViewController.swift; sourceTree = "<group>"; };
		DAF33B7A26C8952600EFB41E /* AddOrderViewController.swift */ = {isa = PBXFileReference; lastKnownFileType = sourcecode.swift; path = AddOrderViewController.swift; sourceTree = "<group>"; };
/* End PBXFileReference section */

/* Begin PBXFrameworksBuildPhase section */
		DAF33B5926C8859100EFB41E /* Frameworks */ = {
			isa = PBXFrameworksBuildPhase;
			buildActionMask = 2147483647;
			files = (
			);
			runOnlyForDeploymentPostprocessing = 0;
		};
/* End PBXFrameworksBuildPhase section */

/* Begin PBXGroup section */
		DA33977D26F59757002D0758 /* Services */ = {
			isa = PBXGroup;
			children = (
				DA33977E26F59773002D0758 /* Webservice.swift */,
			);
			path = Services;
			sourceTree = "<group>";
		};
		DA9C0B94270A8D750005FB36 /* Models */ = {
			isa = PBXGroup;
			children = (
				DA9C0B95270A8D9F0005FB36 /* Order.swift */,
			);
			path = Models;
			sourceTree = "<group>";
		};
		DAF33B5326C8859100EFB41E = {
			isa = PBXGroup;
			children = (
				DAF33B5E26C8859100EFB41E /* CoffeeOrdering */,
				DAF33B5D26C8859100EFB41E /* Products */,
			);
			sourceTree = "<group>";
		};
		DAF33B5D26C8859100EFB41E /* Products */ = {
			isa = PBXGroup;
			children = (
				DAF33B5C26C8859100EFB41E /* CoffeeOrdering.app */,
			);
			name = Products;
			sourceTree = "<group>";
		};
		DAF33B5E26C8859100EFB41E /* CoffeeOrdering */ = {
			isa = PBXGroup;
			children = (
				DA9C0B94270A8D750005FB36 /* Models */,
				DA33977D26F59757002D0758 /* Services */,
				DAF33B7526C885CF00EFB41E /* Controllers */,
				DAF33B5F26C8859100EFB41E /* AppDelegate.swift */,
				DAF33B6126C8859100EFB41E /* SceneDelegate.swift */,
				DAF33B6526C8859100EFB41E /* Main.storyboard */,
				DAF33B6826C8859200EFB41E /* Assets.xcassets */,
				DAF33B6A26C8859200EFB41E /* LaunchScreen.storyboard */,
				DAF33B6D26C8859200EFB41E /* Info.plist */,
			);
			path = CoffeeOrdering;
			sourceTree = "<group>";
		};
		DAF33B7526C885CF00EFB41E /* Controllers */ = {
			isa = PBXGroup;
			children = (
				DAF33B7726C894DC00EFB41E /* OrdersTableViewController.swift */,
				DAF33B7A26C8952600EFB41E /* AddOrderViewController.swift */,
			);
			path = Controllers;
			sourceTree = "<group>";
		};
/* End PBXGroup section */

/* Begin PBXNativeTarget section */
		DAF33B5B26C8859100EFB41E /* CoffeeOrdering */ = {
			isa = PBXNativeTarget;
			buildConfigurationList = DAF33B7026C8859200EFB41E /* Build configuration list for PBXNativeTarget "CoffeeOrdering" */;
			buildPhases = (
				DAF33B5826C8859100EFB41E /* Sources */,
				DAF33B5926C8859100EFB41E /* Frameworks */,
				DAF33B5A26C8859100EFB41E /* Resources */,
			);
			buildRules = (
			);
			dependencies = (
			);
			name = CoffeeOrdering;
			productName = CoffeeOrdering;
			productReference = DAF33B5C26C8859100EFB41E /* CoffeeOrdering.app */;
			productType = "com.apple.product-type.application";
		};
/* End PBXNativeTarget section */

/* Begin PBXProject section */
		DAF33B5426C8859100EFB41E /* Project object */ = {
			isa = PBXProject;
			attributes = {
				LastSwiftUpdateCheck = 1220;
				LastUpgradeCheck = 1220;
				TargetAttributes = {
					DAF33B5B26C8859100EFB41E = {
						CreatedOnToolsVersion = 12.2;
					};
				};
			};
			buildConfigurationList = DAF33B5726C8859100EFB41E /* Build configuration list for PBXProject "CoffeeOrdering" */;
			compatibilityVersion = "Xcode 9.3";
			developmentRegion = en;
			hasScannedForEncodings = 0;
			knownRegions = (
				en,
				Base,
			);
			mainGroup = DAF33B5326C8859100EFB41E;
			productRefGroup = DAF33B5D26C8859100EFB41E /* Products */;
			projectDirPath = "";
			projectRoot = "";
			targets = (
				DAF33B5B26C8859100EFB41E /* CoffeeOrdering */,
			);
		};
/* End PBXProject section */

/* Begin PBXResourcesBuildPhase section */
		DAF33B5A26C8859100EFB41E /* Resources */ = {
			isa = PBXResourcesBuildPhase;
			buildActionMask = 2147483647;
			files = (
				DAF33B6C26C8859200EFB41E /* LaunchScreen.storyboard in Resources */,
				DAF33B6926C8859200EFB41E /* Assets.xcassets in Resources */,
				DAF33B6726C8859100EFB41E /* Main.storyboard in Resources */,
			);
			runOnlyForDeploymentPostprocessing = 0;
		};
/* End PBXResourcesBuildPhase section */

/* Begin PBXSourcesBuildPhase section */
		DAF33B5826C8859100EFB41E /* Sources */ = {
			isa = PBXSourcesBuildPhase;
			buildActionMask = 2147483647;
			files = (
				DA9C0B96270A8D9F0005FB36 /* Order.swift in Sources */,
				DA33977F26F59773002D0758 /* Webservice.swift in Sources */,
				DAF33B6026C8859100EFB41E /* AppDelegate.swift in Sources */,
				DAF33B6226C8859100EFB41E /* SceneDelegate.swift in Sources */,
				DAF33B7826C894DC00EFB41E /* OrdersTableViewController.swift in Sources */,
				DAF33B7B26C8952600EFB41E /* AddOrderViewController.swift in Sources */,
			);
			runOnlyForDeploymentPostprocessing = 0;
		};
/* End PBXSourcesBuildPhase section */

/* Begin PBXVariantGroup section */
		DAF33B6526C8859100EFB41E /* Main.storyboard */ = {
			isa = PBXVariantGroup;
			children = (
				DAF33B6626C8859100EFB41E /* Base */,
			);
			name = Main.storyboard;
			sourceTree = "<group>";
		};
		DAF33B6A26C8859200EFB41E /* LaunchScreen.storyboard */ = {
			isa = PBXVariantGroup;
			children = (
				DAF33B6B26C8859200EFB41E /* Base */,
			);
			name = LaunchScreen.storyboard;
			sourceTree = "<group>";
		};
/* End PBXVariantGroup section */

/* Begin XCBuildConfiguration section */
		DAF33B6E26C8859200EFB41E /* Debug */ = {
			isa = XCBuildConfiguration;
			buildSettings = {
				ALWAYS_SEARCH_USER_PATHS = NO;
				CLANG_ANALYZER_NONNULL = YES;
				CLANG_ANALYZER_NUMBER_OBJECT_CONVERSION = YES_AGGRESSIVE;
				CLANG_CXX_LANGUAGE_STANDARD = "gnu++14";
				CLANG_CXX_LIBRARY = "libc++";
				CLANG_ENABLE_MODULES = YES;
				CLANG_ENABLE_OBJC_ARC = YES;
				CLANG_ENABLE_OBJC_WEAK = YES;
				CLANG_WARN_BLOCK_CAPTURE_AUTORELEASING = YES;
				CLANG_WARN_BOOL_CONVERSION = YES;
				CLANG_WARN_COMMA = YES;
				CLANG_WARN_CONSTANT_CONVERSION = YES;
				CLANG_WARN_DEPRECATED_OBJC_IMPLEMENTATIONS = YES;
				CLANG_WARN_DIRECT_OBJC_ISA_USAGE = YES_ERROR;
				CLANG_WARN_DOCUMENTATION_COMMENTS = YES;
				CLANG_WARN_EMPTY_BODY = YES;
				CLANG_WARN_ENUM_CONVERSION = YES;
				CLANG_WARN_INFINITE_RECURSION = YES;
				CLANG_WARN_INT_CONVERSION = YES;
				CLANG_WARN_NON_LITERAL_NULL_CONVERSION = YES;
				CLANG_WARN_OBJC_IMPLICIT_RETAIN_SELF = YES;
				CLANG_WARN_OBJC_LITERAL_CONVERSION = YES;
				CLANG_WARN_OBJC_ROOT_CLASS = YES_ERROR;
				CLANG_WARN_QUOTED_INCLUDE_IN_FRAMEWORK_HEADER = YES;
				CLANG_WARN_RANGE_LOOP_ANALYSIS = YES;
				CLANG_WARN_STRICT_PROTOTYPES = YES;
				CLANG_WARN_SUSPICIOUS_MOVE = YES;
				CLANG_WARN_UNGUARDED_AVAILABILITY = YES_AGGRESSIVE;
				CLANG_WARN_UNREACHABLE_CODE = YES;
				CLANG_WARN__DUPLICATE_METHOD_MATCH = YES;
				COPY_PHASE_STRIP = NO;
				DEBUG_INFORMATION_FORMAT = dwarf;
				ENABLE_STRICT_OBJC_MSGSEND = YES;
				ENABLE_TESTABILITY = YES;
				GCC_C_LANGUAGE_STANDARD = gnu11;
				GCC_DYNAMIC_NO_PIC = NO;
				GCC_NO_COMMON_BLOCKS = YES;
				GCC_OPTIMIZATION_LEVEL = 0;
				GCC_PREPROCESSOR_DEFINITIONS = (
					"DEBUG=1",
					"$(inherited)",
				);
				GCC_WARN_64_TO_32_BIT_CONVERSION = YES;
				GCC_WARN_ABOUT_RETURN_TYPE = YES_ERROR;
				GCC_WARN_UNDECLARED_SELECTOR = YES;
				GCC_WARN_UNINITIALIZED_AUTOS = YES_AGGRESSIVE;
				GCC_WARN_UNUSED_FUNCTION = YES;
				GCC_WARN_UNUSED_VARIABLE = YES;
				IPHONEOS_DEPLOYMENT_TARGET = 14.2;
				MTL_ENABLE_DEBUG_INFO = INCLUDE_SOURCE;
				MTL_FAST_MATH = YES;
				ONLY_ACTIVE_ARCH = YES;
				SDKROOT = iphoneos;
				SWIFT_ACTIVE_COMPILATION_CONDITIONS = DEBUG;
				SWIFT_OPTIMIZATION_LEVEL = "-Onone";
			};
			name = Debug;
		};
		DAF33B6F26C8859200EFB41E /* Release */ = {
			isa = XCBuildConfiguration;
			buildSettings = {
				ALWAYS_SEARCH_USER_PATHS = NO;
				CLANG_ANALYZER_NONNULL = YES;
				CLANG_ANALYZER_NUMBER_OBJECT_CONVERSION = YES_AGGRESSIVE;
				CLANG_CXX_LANGUAGE_STANDARD = "gnu++14";
				CLANG_CXX_LIBRARY = "libc++";
				CLANG_ENABLE_MODULES = YES;
				CLANG_ENABLE_OBJC_ARC = YES;
				CLANG_ENABLE_OBJC_WEAK = YES;
				CLANG_WARN_BLOCK_CAPTURE_AUTORELEASING = YES;
				CLANG_WARN_BOOL_CONVERSION = YES;
				CLANG_WARN_COMMA = YES;
				CLANG_WARN_CONSTANT_CONVERSION = YES;
				CLANG_WARN_DEPRECATED_OBJC_IMPLEMENTATIONS = YES;
				CLANG_WARN_DIRECT_OBJC_ISA_USAGE = YES_ERROR;
				CLANG_WARN_DOCUMENTATION_COMMENTS = YES;
				CLANG_WARN_EMPTY_BODY = YES;
				CLANG_WARN_ENUM_CONVERSION = YES;
				CLANG_WARN_INFINITE_RECURSION = YES;
				CLANG_WARN_INT_CONVERSION = YES;
				CLANG_WARN_NON_LITERAL_NULL_CONVERSION = YES;
				CLANG_WARN_OBJC_IMPLICIT_RETAIN_SELF = YES;
				CLANG_WARN_OBJC_LITERAL_CONVERSION = YES;
				CLANG_WARN_OBJC_ROOT_CLASS = YES_ERROR;
				CLANG_WARN_QUOTED_INCLUDE_IN_FRAMEWORK_HEADER = YES;
				CLANG_WARN_RANGE_LOOP_ANALYSIS = YES;
				CLANG_WARN_STRICT_PROTOTYPES = YES;
				CLANG_WARN_SUSPICIOUS_MOVE = YES;
				CLANG_WARN_UNGUARDED_AVAILABILITY = YES_AGGRESSIVE;
				CLANG_WARN_UNREACHABLE_CODE = YES;
				CLANG_WARN__DUPLICATE_METHOD_MATCH = YES;
				COPY_PHASE_STRIP = NO;
				DEBUG_INFORMATION_FORMAT = "dwarf-with-dsym";
				ENABLE_NS_ASSERTIONS = NO;
				ENABLE_STRICT_OBJC_MSGSEND = YES;
				GCC_C_LANGUAGE_STANDARD = gnu11;
				GCC_NO_COMMON_BLOCKS = YES;
				GCC_WARN_64_TO_32_BIT_CONVERSION = YES;
				GCC_WARN_ABOUT_RETURN_TYPE = YES_ERROR;
				GCC_WARN_UNDECLARED_SELECTOR = YES;
				GCC_WARN_UNINITIALIZED_AUTOS = YES_AGGRESSIVE;
				GCC_WARN_UNUSED_FUNCTION = YES;
				GCC_WARN_UNUSED_VARIABLE = YES;
				IPHONEOS_DEPLOYMENT_TARGET = 14.2;
				MTL_ENABLE_DEBUG_INFO = NO;
				MTL_FAST_MATH = YES;
				SDKROOT = iphoneos;
				SWIFT_COMPILATION_MODE = wholemodule;
				SWIFT_OPTIMIZATION_LEVEL = "-O";
				VALIDATE_PRODUCT = YES;
			};
			name = Release;
		};
		DAF33B7126C8859200EFB41E /* Debug */ = {
			isa = XCBuildConfiguration;
			buildSettings = {
				ASSETCATALOG_COMPILER_APPICON_NAME = AppIcon;
				ASSETCATALOG_COMPILER_GLOBAL_ACCENT_COLOR_NAME = AccentColor;
				CODE_SIGN_STYLE = Automatic;
				INFOPLIST_FILE = CoffeeOrdering/Info.plist;
				LD_RUNPATH_SEARCH_PATHS = (
					"$(inherited)",
					"@executable_path/Frameworks",
				);
				PRODUCT_BUNDLE_IDENTIFIER = com.ama.CoffeeOrdering;
				PRODUCT_NAME = "$(TARGET_NAME)";
				SWIFT_VERSION = 5.0;
				TARGETED_DEVICE_FAMILY = "1,2";
			};
			name = Debug;
		};
		DAF33B7226C8859200EFB41E /* Release */ = {
			isa = XCBuildConfiguration;
			buildSettings = {
				ASSETCATALOG_COMPILER_APPICON_NAME = AppIcon;
				ASSETCATALOG_COMPILER_GLOBAL_ACCENT_COLOR_NAME = AccentColor;
				CODE_SIGN_STYLE = Automatic;
				INFOPLIST_FILE = CoffeeOrdering/Info.plist;
				LD_RUNPATH_SEARCH_PATHS = (
					"$(inherited)",
					"@executable_path/Frameworks",
				);
				PRODUCT_BUNDLE_IDENTIFIER = com.ama.CoffeeOrdering;
				PRODUCT_NAME = "$(TARGET_NAME)";
				SWIFT_VERSION = 5.0;
				TARGETED_DEVICE_FAMILY = "1,2";
			};
			name = Release;
		};
/* End XCBuildConfiguration section */

/* Begin XCConfigurationList section */
		DAF33B5726C8859100EFB41E /* Build configuration list for PBXProject "CoffeeOrdering" */ = {
			isa = XCConfigurationList;
			buildConfigurations = (
				DAF33B6E26C8859200EFB41E /* Debug */,
				DAF33B6F26C8859200EFB41E /* Release */,
			);
			defaultConfigurationIsVisible = 0;
			defaultConfigurationName = Release;
		};
		DAF33B7026C8859200EFB41E /* Build configuration list for PBXNativeTarget "CoffeeOrdering" */ = {
			isa = XCConfigurationList;
			buildConfigurations = (
				DAF33B7126C8859200EFB41E /* Debug */,
				DAF33B7226C8859200EFB41E /* Release */,
			);
			defaultConfigurationIsVisible = 0;
			defaultConfigurationName = Release;
		};
/* End XCConfigurationList section */
	};
	rootObject = DAF33B5426C8859100EFB41E /* Project object */;
}
